
Microsoft Visual Studio Solution File, Format Version 12.00
# Visual Studio Version 17
VisualStudioVersion = 17.2.32602.215
MinimumVisualStudioVersion = 10.0.40219.1
Project("{FAE04EC0-301F-11D3-BF4B-00C04F79EFBC}") = "BigDataDashboard", "BigDataDashboard\BigDataDashboard.csproj", "{A66B2667-7BE7-409F-861E-C514E153457D}"
EndProject
Global
	GlobalSection(SolutionConfigurationPlatforms) = preSolution
		Debug|Any CPU = Debug|Any CPU
		Release|Any CPU = Release|Any CPU
	EndGlobalSection
	GlobalSection(ProjectConfigurationPlatforms) = postSolution
		{A66B2667-7BE7-409F-861E-C514E153457D}.Debug|Any CPU.ActiveCfg = Debug|Any CPU
		{A66B2667-7BE7-409F-861E-C514E153457D}.Debug|Any CPU.Build.0 = Debug|Any CPU
		{A66B2667-7BE7-409F-861E-C514E153457D}.Release|Any CPU.ActiveCfg = Release|Any CPU
		{A66B2667-7BE7-409F-861E-C514E153457D}.Release|Any CPU.Build.0 = Release|Any CPU
	EndGlobalSection
	GlobalSection(SolutionProperties) = preSolution
		HideSolutionNode = FALSE
	EndGlobalSection
	GlobalSection(ExtensibilityGlobals) = postSolution
		SolutionGuid = {42ED1760-2FDC-4015-BC3A-22A037921D85}
	EndGlobalSection
EndGlobal
